
Microsoft Visual Studio Solution File, Format Version 12.00
# Visual Studio 15
VisualStudioVersion = 15.0.27130.2027
MinimumVisualStudioVersion = 10.0.40219.1
Project("{9A19103F-16F7-4668-BE54-9A1E7A4F7556}") = "Quadient.DataServices.Api", "data-services-client-dotnet\Quadient.DataServices.Api.csproj", "{DCDFEE84-9FFC-4AC3-8683-91A4150EC6DF}"
EndProject
Project("{9A19103F-16F7-4668-BE54-9A1E7A4F7556}") = "Quadient.DataServices.Example", "data-services-client-samples\Quadient.DataServices.Example.csproj", "{6CC73E5A-AC51-4588-9DBD-6C44D2C09B5C}"
EndProject
Project("{9A19103F-16F7-4668-BE54-9A1E7A4F7556}") = "Quadient.DataServices.Model", "data-services-client-model\Quadient.DataServices.Model.csproj", "{ECD5B370-A99A-4E27-B241-684F52EE1E33}"
EndProject
Project("{2150E333-8FDC-42A3-9474-1A3956D46DE8}") = "Solution Items", "Solution Items", "{49510A95-E34A-4E85-B8DC-619149CC42BB}"
	ProjectSection(SolutionItems) = preProject
		AssemblyInfo.cs = AssemblyInfo.cs
	EndProjectSection
EndProject
Project("{9A19103F-16F7-4668-BE54-9A1E7A4F7556}") = "Quadient.DataServices.System", "data-services-client-system\Quadient.DataServices.System.csproj", "{91748E05-E7B7-4774-86DD-EC3C625DE98C}"
EndProject
Project("{9A19103F-16F7-4668-BE54-9A1E7A4F7556}") = "Quadient.DataServices.System.Model", "data-services-client-system-model\Quadient.DataServices.System.Model.csproj", "{5B8D29E9-CDB8-4F2A-B47A-D7D7C1B50D8B}"
EndProject
Project("{9A19103F-16F7-4668-BE54-9A1E7A4F7556}") = "Quadient.DataServices.Interface", "data-services-client-interface\Quadient.DataServices.Interface.csproj", "{F1B11785-52BD-4EBB-9DB6-EEF25B030172}"
EndProject
Global
	GlobalSection(SolutionConfigurationPlatforms) = preSolution
		Debug|Any CPU = Debug|Any CPU
		Release|Any CPU = Release|Any CPU
	EndGlobalSection
	GlobalSection(ProjectConfigurationPlatforms) = postSolution
		{DCDFEE84-9FFC-4AC3-8683-91A4150EC6DF}.Debug|Any CPU.ActiveCfg = Debug|Any CPU
		{DCDFEE84-9FFC-4AC3-8683-91A4150EC6DF}.Debug|Any CPU.Build.0 = Debug|Any CPU
		{DCDFEE84-9FFC-4AC3-8683-91A4150EC6DF}.Release|Any CPU.ActiveCfg = Release|Any CPU
		{DCDFEE84-9FFC-4AC3-8683-91A4150EC6DF}.Release|Any CPU.Build.0 = Release|Any CPU
		{6CC73E5A-AC51-4588-9DBD-6C44D2C09B5C}.Debug|Any CPU.ActiveCfg = Debug|Any CPU
		{6CC73E5A-AC51-4588-9DBD-6C44D2C09B5C}.Debug|Any CPU.Build.0 = Debug|Any CPU
		{6CC73E5A-AC51-4588-9DBD-6C44D2C09B5C}.Release|Any CPU.ActiveCfg = Release|Any CPU
		{6CC73E5A-AC51-4588-9DBD-6C44D2C09B5C}.Release|Any CPU.Build.0 = Release|Any CPU
		{ECD5B370-A99A-4E27-B241-684F52EE1E33}.Debug|Any CPU.ActiveCfg = Debug|Any CPU
		{ECD5B370-A99A-4E27-B241-684F52EE1E33}.Debug|Any CPU.Build.0 = Debug|Any CPU
		{ECD5B370-A99A-4E27-B241-684F52EE1E33}.Release|Any CPU.ActiveCfg = Release|Any CPU
		{ECD5B370-A99A-4E27-B241-684F52EE1E33}.Release|Any CPU.Build.0 = Release|Any CPU
		{91748E05-E7B7-4774-86DD-EC3C625DE98C}.Debug|Any CPU.ActiveCfg = Debug|Any CPU
		{91748E05-E7B7-4774-86DD-EC3C625DE98C}.Debug|Any CPU.Build.0 = Debug|Any CPU
		{91748E05-E7B7-4774-86DD-EC3C625DE98C}.Release|Any CPU.ActiveCfg = Release|Any CPU
		{91748E05-E7B7-4774-86DD-EC3C625DE98C}.Release|Any CPU.Build.0 = Release|Any CPU
		{5B8D29E9-CDB8-4F2A-B47A-D7D7C1B50D8B}.Debug|Any CPU.ActiveCfg = Debug|Any CPU
		{5B8D29E9-CDB8-4F2A-B47A-D7D7C1B50D8B}.Debug|Any CPU.Build.0 = Debug|Any CPU
		{5B8D29E9-CDB8-4F2A-B47A-D7D7C1B50D8B}.Release|Any CPU.ActiveCfg = Release|Any CPU
		{5B8D29E9-CDB8-4F2A-B47A-D7D7C1B50D8B}.Release|Any CPU.Build.0 = Release|Any CPU
		{F1B11785-52BD-4EBB-9DB6-EEF25B030172}.Debug|Any CPU.ActiveCfg = Debug|Any CPU
		{F1B11785-52BD-4EBB-9DB6-EEF25B030172}.Debug|Any CPU.Build.0 = Debug|Any CPU
		{F1B11785-52BD-4EBB-9DB6-EEF25B030172}.Release|Any CPU.ActiveCfg = Release|Any CPU
		{F1B11785-52BD-4EBB-9DB6-EEF25B030172}.Release|Any CPU.Build.0 = Release|Any CPU
	EndGlobalSection
	GlobalSection(SolutionProperties) = preSolution
		HideSolutionNode = FALSE
	EndGlobalSection
	GlobalSection(ExtensibilityGlobals) = postSolution
		SolutionGuid = {B4CBBE1B-3EB8-48FD-BFEF-8C8E4E5A4C00}
	EndGlobalSection
EndGlobal
